
Microsoft Visual Studio Solution File, Format Version 12.00
# Visual Studio Version 17
VisualStudioVersion = 17.0.31903.59
MinimumVisualStudioVersion = 10.0.40219.1
Project("{2150E333-8FDC-42A3-9474-1A3956D46DE8}") = "survey-service", "survey-service", "{7D5D7370-391E-CA43-49DE-AD8D0F5CD2A5}"
EndProject
Project("{FAE04EC0-301F-11D3-BF4B-00C04F79EFBC}") = "SurveyService", "survey-service\SurveyService.csproj", "{676B1A3C-9121-4472-B09D-2DEA83ADC432}"
EndProject
Project("{2150E333-8FDC-42A3-9474-1A3956D46DE8}") = "shared", "shared", "{4F52FD11-658E-A102-6CD3-7D7C16FFA15B}"
EndProject
Project("{2150E333-8FDC-42A3-9474-1A3956D46DE8}") = "api-documentation", "api-documentation", "{BA54E6A2-9544-2EAF-8F0B-F20422C52230}"
EndProject
Project("{FAE04EC0-301F-11D3-BF4B-00C04F79EFBC}") = "ApiDocumentation", "shared\api-documentation\ApiDocumentation.csproj", "{597E40DB-E497-4976-83E3-5FA84EC971B2}"
EndProject
Project("{2150E333-8FDC-42A3-9474-1A3956D46DE8}") = "Solution Items", "Solution Items", "{8EC462FD-D22E-90A8-E5CE-7E832BA40C5D}"
	ProjectSection(SolutionItems) = preProject
		.env = .env
		Directory.Packages.props = Directory.Packages.props
		docker-compose.yml = docker-compose.yml
	EndProjectSection
EndProject
Project("{E53339B2-1760-4266-BCC7-CA923CBCF16C}") = "docker-compose", "docker-compose.dcproj", "{81DDED9D-158B-E303-5F62-77A2896D2A5A}"
EndProject
Project("{2150E333-8FDC-42A3-9474-1A3956D46DE8}") = "validation", "validation", "{32CFD70B-C02A-6069-03D2-B05FC0FC63C6}"
EndProject
Project("{FAE04EC0-301F-11D3-BF4B-00C04F79EFBC}") = "Validation", "shared\validation\Validation.csproj", "{69B83081-DF54-4847-8463-294C87F6F3E6}"
EndProject
Project("{2150E333-8FDC-42A3-9474-1A3956D46DE8}") = "auth-service", "auth-service", "{0034DDB9-D8DB-19F2-E616-15F2258A817C}"
EndProject
Project("{2150E333-8FDC-42A3-9474-1A3956D46DE8}") = "src", "src", "{98E500E3-544E-6BEC-CC09-CADFDCC72498}"
EndProject
Project("{FAE04EC0-301F-11D3-BF4B-00C04F79EFBC}") = "AuthService", "auth-service\src\AuthService.csproj", "{5F356FBC-9677-4A4E-BB9D-1FE05BB0A148}"
EndProject
Project("{2150E333-8FDC-42A3-9474-1A3956D46DE8}") = "analysis-worker", "analysis-worker", "{EF16E97B-D65E-7728-F5B5-5FA1009A8637}"
EndProject
Project("{2150E333-8FDC-42A3-9474-1A3956D46DE8}") = "src", "src", "{FF757EC8-7CDA-4ED8-72C1-41DC984641E8}"
EndProject
Project("{FAE04EC0-301F-11D3-BF4B-00C04F79EFBC}") = "AnalysisWorker", "analysis-worker\src\AnalysisWorker.csproj", "{87253E9C-26FA-44FD-8112-04A9C75581BD}"
EndProject
Project("{2150E333-8FDC-42A3-9474-1A3956D46DE8}") = "api-gateway", "api-gateway", "{D5740E39-79EC-8D71-EBC3-DD458F48E25C}"
EndProject
Project("{2150E333-8FDC-42A3-9474-1A3956D46DE8}") = "src", "src", "{5875B879-98D6-7140-2787-4E9ED4E91F18}"
EndProject
Project("{FAE04EC0-301F-11D3-BF4B-00C04F79EFBC}") = "ApiGateway", "api-gateway\src\ApiGateway.csproj", "{CCEE65C4-7482-4E29-B75A-97BA9FBF048E}"
EndProject
Global
	GlobalSection(SolutionConfigurationPlatforms) = preSolution
		Debug|Any CPU = Debug|Any CPU
		Debug|x64 = Debug|x64
		Debug|x86 = Debug|x86
		Release|Any CPU = Release|Any CPU
		Release|x64 = Release|x64
		Release|x86 = Release|x86
	EndGlobalSection
	GlobalSection(ProjectConfigurationPlatforms) = postSolution
		{676B1A3C-9121-4472-B09D-2DEA83ADC432}.Debug|Any CPU.ActiveCfg = Debug|Any CPU
		{676B1A3C-9121-4472-B09D-2DEA83ADC432}.Debug|Any CPU.Build.0 = Debug|Any CPU
		{676B1A3C-9121-4472-B09D-2DEA83ADC432}.Debug|x64.ActiveCfg = Debug|Any CPU
		{676B1A3C-9121-4472-B09D-2DEA83ADC432}.Debug|x64.Build.0 = Debug|Any CPU
		{676B1A3C-9121-4472-B09D-2DEA83ADC432}.Debug|x86.ActiveCfg = Debug|Any CPU
		{676B1A3C-9121-4472-B09D-2DEA83ADC432}.Debug|x86.Build.0 = Debug|Any CPU
		{676B1A3C-9121-4472-B09D-2DEA83ADC432}.Release|Any CPU.ActiveCfg = Release|Any CPU
		{676B1A3C-9121-4472-B09D-2DEA83ADC432}.Release|Any CPU.Build.0 = Release|Any CPU
		{676B1A3C-9121-4472-B09D-2DEA83ADC432}.Release|x64.ActiveCfg = Release|Any CPU
		{676B1A3C-9121-4472-B09D-2DEA83ADC432}.Release|x64.Build.0 = Release|Any CPU
		{676B1A3C-9121-4472-B09D-2DEA83ADC432}.Release|x86.ActiveCfg = Release|Any CPU
		{676B1A3C-9121-4472-B09D-2DEA83ADC432}.Release|x86.Build.0 = Release|Any CPU
		{597E40DB-E497-4976-83E3-5FA84EC971B2}.Debug|Any CPU.ActiveCfg = Debug|Any CPU
		{597E40DB-E497-4976-83E3-5FA84EC971B2}.Debug|Any CPU.Build.0 = Debug|Any CPU
		{597E40DB-E497-4976-83E3-5FA84EC971B2}.Debug|x64.ActiveCfg = Debug|Any CPU
		{597E40DB-E497-4976-83E3-5FA84EC971B2}.Debug|x64.Build.0 = Debug|Any CPU
		{597E40DB-E497-4976-83E3-5FA84EC971B2}.Debug|x86.ActiveCfg = Debug|Any CPU
		{597E40DB-E497-4976-83E3-5FA84EC971B2}.Debug|x86.Build.0 = Debug|Any CPU
		{597E40DB-E497-4976-83E3-5FA84EC971B2}.Release|Any CPU.ActiveCfg = Release|Any CPU
		{597E40DB-E497-4976-83E3-5FA84EC971B2}.Release|Any CPU.Build.0 = Release|Any CPU
		{597E40DB-E497-4976-83E3-5FA84EC971B2}.Release|x64.ActiveCfg = Release|Any CPU
		{597E40DB-E497-4976-83E3-5FA84EC971B2}.Release|x64.Build.0 = Release|Any CPU
		{597E40DB-E497-4976-83E3-5FA84EC971B2}.Release|x86.ActiveCfg = Release|Any CPU
		{597E40DB-E497-4976-83E3-5FA84EC971B2}.Release|x86.Build.0 = Release|Any CPU
		{81DDED9D-158B-E303-5F62-77A2896D2A5A}.Debug|Any CPU.ActiveCfg = Debug|Any CPU
		{81DDED9D-158B-E303-5F62-77A2896D2A5A}.Debug|Any CPU.Build.0 = Debug|Any CPU
		{81DDED9D-158B-E303-5F62-77A2896D2A5A}.Debug|x64.ActiveCfg = Debug|Any CPU
		{81DDED9D-158B-E303-5F62-77A2896D2A5A}.Debug|x64.Build.0 = Debug|Any CPU
		{81DDED9D-158B-E303-5F62-77A2896D2A5A}.Debug|x86.ActiveCfg = Debug|Any CPU
		{81DDED9D-158B-E303-5F62-77A2896D2A5A}.Debug|x86.Build.0 = Debug|Any CPU
		{81DDED9D-158B-E303-5F62-77A2896D2A5A}.Release|Any CPU.ActiveCfg = Release|Any CPU
		{81DDED9D-158B-E303-5F62-77A2896D2A5A}.Release|Any CPU.Build.0 = Release|Any CPU
		{81DDED9D-158B-E303-5F62-77A2896D2A5A}.Release|x64.ActiveCfg = Release|Any CPU
		{81DDED9D-158B-E303-5F62-77A2896D2A5A}.Release|x64.Build.0 = Release|Any CPU
		{81DDED9D-158B-E303-5F62-77A2896D2A5A}.Release|x86.ActiveCfg = Release|Any CPU
		{81DDED9D-158B-E303-5F62-77A2896D2A5A}.Release|x86.Build.0 = Release|Any CPU
		{69B83081-DF54-4847-8463-294C87F6F3E6}.Debug|Any CPU.ActiveCfg = Debug|Any CPU
		{69B83081-DF54-4847-8463-294C87F6F3E6}.Debug|Any CPU.Build.0 = Debug|Any CPU
		{69B83081-DF54-4847-8463-294C87F6F3E6}.Debug|x64.ActiveCfg = Debug|Any CPU
		{69B83081-DF54-4847-8463-294C87F6F3E6}.Debug|x64.Build.0 = Debug|Any CPU
		{69B83081-DF54-4847-8463-294C87F6F3E6}.Debug|x86.ActiveCfg = Debug|Any CPU
		{69B83081-DF54-4847-8463-294C87F6F3E6}.Debug|x86.Build.0 = Debug|Any CPU
		{69B83081-DF54-4847-8463-294C87F6F3E6}.Release|Any CPU.ActiveCfg = Release|Any CPU
		{69B83081-DF54-4847-8463-294C87F6F3E6}.Release|Any CPU.Build.0 = Release|Any CPU
		{69B83081-DF54-4847-8463-294C87F6F3E6}.Release|x64.ActiveCfg = Release|Any CPU
		{69B83081-DF54-4847-8463-294C87F6F3E6}.Release|x64.Build.0 = Release|Any CPU
		{69B83081-DF54-4847-8463-294C87F6F3E6}.Release|x86.ActiveCfg = Release|Any CPU
		{69B83081-DF54-4847-8463-294C87F6F3E6}.Release|x86.Build.0 = Release|Any CPU
		{5F356FBC-9677-4A4E-BB9D-1FE05BB0A148}.Debug|Any CPU.ActiveCfg = Debug|Any CPU
		{5F356FBC-9677-4A4E-BB9D-1FE05BB0A148}.Debug|Any CPU.Build.0 = Debug|Any CPU
		{5F356FBC-9677-4A4E-BB9D-1FE05BB0A148}.Debug|x64.ActiveCfg = Debug|Any CPU
		{5F356FBC-9677-4A4E-BB9D-1FE05BB0A148}.Debug|x64.Build.0 = Debug|Any CPU
		{5F356FBC-9677-4A4E-BB9D-1FE05BB0A148}.Debug|x86.ActiveCfg = Debug|Any CPU
		{5F356FBC-9677-4A4E-BB9D-1FE05BB0A148}.Debug|x86.Build.0 = Debug|Any CPU
		{5F356FBC-9677-4A4E-BB9D-1FE05BB0A148}.Release|Any CPU.ActiveCfg = Release|Any CPU
		{5F356FBC-9677-4A4E-BB9D-1FE05BB0A148}.Release|Any CPU.Build.0 = Release|Any CPU
		{5F356FBC-9677-4A4E-BB9D-1FE05BB0A148}.Release|x64.ActiveCfg = Release|Any CPU
		{5F356FBC-9677-4A4E-BB9D-1FE05BB0A148}.Release|x64.Build.0 = Release|Any CPU
		{5F356FBC-9677-4A4E-BB9D-1FE05BB0A148}.Release|x86.ActiveCfg = Release|Any CPU
		{5F356FBC-9677-4A4E-BB9D-1FE05BB0A148}.Release|x86.Build.0 = Release|Any CPU
		{87253E9C-26FA-44FD-8112-04A9C75581BD}.Debug|Any CPU.ActiveCfg = Debug|Any CPU
		{87253E9C-26FA-44FD-8112-04A9C75581BD}.Debug|Any CPU.Build.0 = Debug|Any CPU
		{87253E9C-26FA-44FD-8112-04A9C75581BD}.Debug|x64.ActiveCfg = Debug|Any CPU
		{87253E9C-26FA-44FD-8112-04A9C75581BD}.Debug|x64.Build.0 = Debug|Any CPU
		{87253E9C-26FA-44FD-8112-04A9C75581BD}.Debug|x86.ActiveCfg = Debug|Any CPU
		{87253E9C-26FA-44FD-8112-04A9C75581BD}.Debug|x86.Build.0 = Debug|Any CPU
		{87253E9C-26FA-44FD-8112-04A9C75581BD}.Release|Any CPU.ActiveCfg = Release|Any CPU
		{87253E9C-26FA-44FD-8112-04A9C75581BD}.Release|Any CPU.Build.0 = Release|Any CPU
		{87253E9C-26FA-44FD-8112-04A9C75581BD}.Release|x64.ActiveCfg = Release|Any CPU
		{87253E9C-26FA-44FD-8112-04A9C75581BD}.Release|x64.Build.0 = Release|Any CPU
		{87253E9C-26FA-44FD-8112-04A9C75581BD}.Release|x86.ActiveCfg = Release|Any CPU
		{87253E9C-26FA-44FD-8112-04A9C75581BD}.Release|x86.Build.0 = Release|Any CPU
		{CCEE65C4-7482-4E29-B75A-97BA9FBF048E}.Debug|Any CPU.ActiveCfg = Debug|Any CPU
		{CCEE65C4-7482-4E29-B75A-97BA9FBF048E}.Debug|Any CPU.Build.0 = Debug|Any CPU
		{CCEE65C4-7482-4E29-B75A-97BA9FBF048E}.Debug|x64.ActiveCfg = Debug|Any CPU
		{CCEE65C4-7482-4E29-B75A-97BA9FBF048E}.Debug|x64.Build.0 = Debug|Any CPU
		{CCEE65C4-7482-4E29-B75A-97BA9FBF048E}.Debug|x86.ActiveCfg = Debug|Any CPU
		{CCEE65C4-7482-4E29-B75A-97BA9FBF048E}.Debug|x86.Build.0 = Debug|Any CPU
		{CCEE65C4-7482-4E29-B75A-97BA9FBF048E}.Release|Any CPU.ActiveCfg = Release|Any CPU
		{CCEE65C4-7482-4E29-B75A-97BA9FBF048E}.Release|Any CPU.Build.0 = Release|Any CPU
		{CCEE65C4-7482-4E29-B75A-97BA9FBF048E}.Release|x64.ActiveCfg = Release|Any CPU
		{CCEE65C4-7482-4E29-B75A-97BA9FBF048E}.Release|x64.Build.0 = Release|Any CPU
		{CCEE65C4-7482-4E29-B75A-97BA9FBF048E}.Release|x86.ActiveCfg = Release|Any CPU
		{CCEE65C4-7482-4E29-B75A-97BA9FBF048E}.Release|x86.Build.0 = Release|Any CPU
	EndGlobalSection
	GlobalSection(SolutionProperties) = preSolution
		HideSolutionNode = FALSE
	EndGlobalSection
	GlobalSection(NestedProjects) = preSolution
		{676B1A3C-9121-4472-B09D-2DEA83ADC432} = {7D5D7370-391E-CA43-49DE-AD8D0F5CD2A5}
		{BA54E6A2-9544-2EAF-8F0B-F20422C52230} = {4F52FD11-658E-A102-6CD3-7D7C16FFA15B}
		{597E40DB-E497-4976-83E3-5FA84EC971B2} = {BA54E6A2-9544-2EAF-8F0B-F20422C52230}
		{32CFD70B-C02A-6069-03D2-B05FC0FC63C6} = {4F52FD11-658E-A102-6CD3-7D7C16FFA15B}
		{69B83081-DF54-4847-8463-294C87F6F3E6} = {32CFD70B-C02A-6069-03D2-B05FC0FC63C6}
		{98E500E3-544E-6BEC-CC09-CADFDCC72498} = {0034DDB9-D8DB-19F2-E616-15F2258A817C}
		{5F356FBC-9677-4A4E-BB9D-1FE05BB0A148} = {98E500E3-544E-6BEC-CC09-CADFDCC72498}
		{FF757EC8-7CDA-4ED8-72C1-41DC984641E8} = {EF16E97B-D65E-7728-F5B5-5FA1009A8637}
		{87253E9C-26FA-44FD-8112-04A9C75581BD} = {FF757EC8-7CDA-4ED8-72C1-41DC984641E8}
		{5875B879-98D6-7140-2787-4E9ED4E91F18} = {D5740E39-79EC-8D71-EBC3-DD458F48E25C}
		{CCEE65C4-7482-4E29-B75A-97BA9FBF048E} = {5875B879-98D6-7140-2787-4E9ED4E91F18}
	EndGlobalSection
	GlobalSection(ExtensibilityGlobals) = postSolution
		SolutionGuid = {94EF5817-E519-4C07-BF49-154F0AE47285}
	EndGlobalSection
EndGlobal
